
Microsoft Visual Studio Solution File, Format Version 12.00
# Visual Studio Version 17
VisualStudioVersion = 17.2.32616.157
MinimumVisualStudioVersion = 10.0.40219.1
Project("{FAE04EC0-301F-11D3-BF4B-00C04F79EFBC}") = "NZWalks.API", "NZWalks.API\NZWalks.API.csproj", "{A35FE8CC-3F63-4F38-8326-2BC41EC3B456}"
EndProject
Global
	GlobalSection(SolutionConfigurationPlatforms) = preSolution
		Debug|Any CPU = Debug|Any CPU
		Release|Any CPU = Release|Any CPU
	EndGlobalSection
	GlobalSection(ProjectConfigurationPlatforms) = postSolution
		{A35FE8CC-3F63-4F38-8326-2BC41EC3B456}.Debug|Any CPU.ActiveCfg = Debug|Any CPU
		{A35FE8CC-3F63-4F38-8326-2BC41EC3B456}.Debug|Any CPU.Build.0 = Debug|Any CPU
		{A35FE8CC-3F63-4F38-8326-2BC41EC3B456}.Release|Any CPU.ActiveCfg = Release|Any CPU
		{A35FE8CC-3F63-4F38-8326-2BC41EC3B456}.Release|Any CPU.Build.0 = Release|Any CPU
	EndGlobalSection
	GlobalSection(SolutionProperties) = preSolution
		HideSolutionNode = FALSE
	EndGlobalSection
	GlobalSection(ExtensibilityGlobals) = postSolution
		SolutionGuid = {26B4D98C-F6B5-4831-891E-4003B285EC4D}
	EndGlobalSection
EndGlobal
